// !$*UTF8*$!
{
	archiveVersion = 1;
	classes = {
	};
	objectVersion = 56;
	objects = {

/* Begin PBXBuildFile section */
		8432B6182A004E3F00304A80 /* NamMoneyManagerApp.swift in Sources */ = {isa = PBXBuildFile; fileRef = 8432B6172A004E3F00304A80 /* NamMoneyManagerApp.swift */; };
		8432B61C2A004E4000304A80 /* Assets.xcassets in Resources */ = {isa = PBXBuildFile; fileRef = 8432B61B2A004E4000304A80 /* Assets.xcassets */; };
		8432B6202A004E4000304A80 /* Preview Assets.xcassets in Resources */ = {isa = PBXBuildFile; fileRef = 8432B61F2A004E4000304A80 /* Preview Assets.xcassets */; };
		8432B6282A0051BD00304A80 /* ExpenseInputView.swift in Sources */ = {isa = PBXBuildFile; fileRef = 8432B6272A0051BD00304A80 /* ExpenseInputView.swift */; };
		8432B62B2A0058D000304A80 /* MoneyManagerModel.xcdatamodeld in Sources */ = {isa = PBXBuildFile; fileRef = 8432B6292A0058D000304A80 /* MoneyManagerModel.xcdatamodeld */; };
		8432B62E2A005B0400304A80 /* DataController.swift in Sources */ = {isa = PBXBuildFile; fileRef = 8432B62D2A005B0400304A80 /* DataController.swift */; };
		8463B3EB2A0074FD00EBEC33 /* ExpenseView.swift in Sources */ = {isa = PBXBuildFile; fileRef = 8463B3EA2A0074FD00EBEC33 /* ExpenseView.swift */; };
		8463B3EE2A009C9800EBEC33 /* FloatingPlaceholderTextField.swift in Sources */ = {isa = PBXBuildFile; fileRef = 8463B3ED2A009C9800EBEC33 /* FloatingPlaceholderTextField.swift */; };
		8463B3F02A00BC4000EBEC33 /* CategoryListView.swift in Sources */ = {isa = PBXBuildFile; fileRef = 8463B3EF2A00BC4000EBEC33 /* CategoryListView.swift */; };
		8463B3F22A01A98D00EBEC33 /* SectionTextFieldStyle.swift in Sources */ = {isa = PBXBuildFile; fileRef = 8463B3F12A01A98D00EBEC33 /* SectionTextFieldStyle.swift */; };
		8463B3F72A022E5300EBEC33 /* DateTimeString.swift in Sources */ = {isa = PBXBuildFile; fileRef = 8463B3F62A022E5300EBEC33 /* DateTimeString.swift */; };
		84C7DDEF2A02DA310005B9C9 /* PickerView.swift in Sources */ = {isa = PBXBuildFile; fileRef = 84C7DDEE2A02DA310005B9C9 /* PickerView.swift */; };
		84E78CA62A04B044009F350E /* ExpenseDetailView.swift in Sources */ = {isa = PBXBuildFile; fileRef = 84E78CA52A04B044009F350E /* ExpenseDetailView.swift */; };
		84E78CA82A058596009F350E /* ExpenseViewModel.swift in Sources */ = {isa = PBXBuildFile; fileRef = 84E78CA72A058596009F350E /* ExpenseViewModel.swift */; };
		84E78CAA2A059405009F350E /* ErrorView.swift in Sources */ = {isa = PBXBuildFile; fileRef = 84E78CA92A059405009F350E /* ErrorView.swift */; };
/* End PBXBuildFile section */

/* Begin PBXFileReference section */
		8432B6142A004E3F00304A80 /* NamMoneyManager.app */ = {isa = PBXFileReference; explicitFileType = wrapper.application; includeInIndex = 0; path = NamMoneyManager.app; sourceTree = BUILT_PRODUCTS_DIR; };
		8432B6172A004E3F00304A80 /* NamMoneyManagerApp.swift */ = {isa = PBXFileReference; lastKnownFileType = sourcecode.swift; path = NamMoneyManagerApp.swift; sourceTree = "<group>"; };
		8432B61B2A004E4000304A80 /* Assets.xcassets */ = {isa = PBXFileReference; lastKnownFileType = folder.assetcatalog; path = Assets.xcassets; sourceTree = "<group>"; };
		8432B61D2A004E4000304A80 /* NamMoneyManager.entitlements */ = {isa = PBXFileReference; lastKnownFileType = text.plist.entitlements; path = NamMoneyManager.entitlements; sourceTree = "<group>"; };
		8432B61F2A004E4000304A80 /* Preview Assets.xcassets */ = {isa = PBXFileReference; lastKnownFileType = folder.assetcatalog; path = "Preview Assets.xcassets"; sourceTree = "<group>"; };
		8432B6272A0051BD00304A80 /* ExpenseInputView.swift */ = {isa = PBXFileReference; lastKnownFileType = sourcecode.swift; path = ExpenseInputView.swift; sourceTree = "<group>"; };
		8432B62A2A0058D000304A80 /* ExpensePayment.xcdatamodel */ = {isa = PBXFileReference; lastKnownFileType = wrapper.xcdatamodel; path = ExpensePayment.xcdatamodel; sourceTree = "<group>"; };
		8432B62D2A005B0400304A80 /* DataController.swift */ = {isa = PBXFileReference; lastKnownFileType = sourcecode.swift; path = DataController.swift; sourceTree = "<group>"; };
		8463B3EA2A0074FD00EBEC33 /* ExpenseView.swift */ = {isa = PBXFileReference; lastKnownFileType = sourcecode.swift; path = ExpenseView.swift; sourceTree = "<group>"; };
		8463B3ED2A009C9800EBEC33 /* FloatingPlaceholderTextField.swift */ = {isa = PBXFileReference; lastKnownFileType = sourcecode.swift; path = FloatingPlaceholderTextField.swift; sourceTree = "<group>"; };
		8463B3EF2A00BC4000EBEC33 /* CategoryListView.swift */ = {isa = PBXFileReference; lastKnownFileType = sourcecode.swift; path = CategoryListView.swift; sourceTree = "<group>"; };
		8463B3F12A01A98D00EBEC33 /* SectionTextFieldStyle.swift */ = {isa = PBXFileReference; lastKnownFileType = sourcecode.swift; path = SectionTextFieldStyle.swift; sourceTree = "<group>"; };
		8463B3F62A022E5300EBEC33 /* DateTimeString.swift */ = {isa = PBXFileReference; lastKnownFileType = sourcecode.swift; path = DateTimeString.swift; sourceTree = "<group>"; };
		84C7DDEE2A02DA310005B9C9 /* PickerView.swift */ = {isa = PBXFileReference; lastKnownFileType = sourcecode.swift; path = PickerView.swift; sourceTree = "<group>"; };
		84E78CA52A04B044009F350E /* ExpenseDetailView.swift */ = {isa = PBXFileReference; lastKnownFileType = sourcecode.swift; path = ExpenseDetailView.swift; sourceTree = "<group>"; };
		84E78CA72A058596009F350E /* ExpenseViewModel.swift */ = {isa = PBXFileReference; lastKnownFileType = sourcecode.swift; path = ExpenseViewModel.swift; sourceTree = "<group>"; };
		84E78CA92A059405009F350E /* ErrorView.swift */ = {isa = PBXFileReference; lastKnownFileType = sourcecode.swift; path = ErrorView.swift; sourceTree = "<group>"; };
/* End PBXFileReference section */

/* Begin PBXFrameworksBuildPhase section */
		8432B6112A004E3F00304A80 /* Frameworks */ = {
			isa = PBXFrameworksBuildPhase;
			buildActionMask = 2147483647;
			files = (
			);
			runOnlyForDeploymentPostprocessing = 0;
		};
/* End PBXFrameworksBuildPhase section */

/* Begin PBXGroup section */
		8432B60B2A004E3F00304A80 = {
			isa = PBXGroup;
			children = (
				8432B6162A004E3F00304A80 /* NamMoneyManager */,
				8432B6152A004E3F00304A80 /* Products */,
			);
			sourceTree = "<group>";
		};
		8432B6152A004E3F00304A80 /* Products */ = {
			isa = PBXGroup;
			children = (
				8432B6142A004E3F00304A80 /* NamMoneyManager.app */,
			);
			name = Products;
			sourceTree = "<group>";
		};
		8432B6162A004E3F00304A80 /* NamMoneyManager */ = {
			isa = PBXGroup;
			children = (
				8432B61D2A004E4000304A80 /* NamMoneyManager.entitlements */,
				8432B61B2A004E4000304A80 /* Assets.xcassets */,
				8432B6172A004E3F00304A80 /* NamMoneyManagerApp.swift */,
				8463B3F32A021B8B00EBEC33 /* Enums */,
				8463B3EC2A009C8D00EBEC33 /* SharedViews */,
				8432B6262A0051AD00304A80 /* Views */,
				8463B3E92A00732000EBEC33 /* DataModels */,
				8432B61E2A004E4000304A80 /* Preview Content */,
			);
			path = NamMoneyManager;
			sourceTree = "<group>";
		};
		8432B61E2A004E4000304A80 /* Preview Content */ = {
			isa = PBXGroup;
			children = (
				8432B61F2A004E4000304A80 /* Preview Assets.xcassets */,
			);
			path = "Preview Content";
			sourceTree = "<group>";
		};
		8432B6262A0051AD00304A80 /* Views */ = {
			isa = PBXGroup;
			children = (
				8432B6272A0051BD00304A80 /* ExpenseInputView.swift */,
				8463B3EA2A0074FD00EBEC33 /* ExpenseView.swift */,
				84E78CA72A058596009F350E /* ExpenseViewModel.swift */,
				8463B3EF2A00BC4000EBEC33 /* CategoryListView.swift */,
				84E78CA52A04B044009F350E /* ExpenseDetailView.swift */,
				84E78CA92A059405009F350E /* ErrorView.swift */,
			);
			path = Views;
			sourceTree = "<group>";
		};
		8463B3E92A00732000EBEC33 /* DataModels */ = {
			isa = PBXGroup;
			children = (
				8432B62D2A005B0400304A80 /* DataController.swift */,
				8432B6292A0058D000304A80 /* MoneyManagerModel.xcdatamodeld */,
			);
			path = DataModels;
			sourceTree = "<group>";
		};
		8463B3EC2A009C8D00EBEC33 /* SharedViews */ = {
			isa = PBXGroup;
			children = (
				8463B3ED2A009C9800EBEC33 /* FloatingPlaceholderTextField.swift */,
				8463B3F12A01A98D00EBEC33 /* SectionTextFieldStyle.swift */,
				84C7DDEE2A02DA310005B9C9 /* PickerView.swift */,
			);
			path = SharedViews;
			sourceTree = "<group>";
		};
		8463B3F32A021B8B00EBEC33 /* Enums */ = {
			isa = PBXGroup;
			children = (
				8463B3F62A022E5300EBEC33 /* DateTimeString.swift */,
			);
			path = Enums;
			sourceTree = "<group>";
		};
/* End PBXGroup section */

/* Begin PBXNativeTarget section */
		8432B6132A004E3F00304A80 /* NamMoneyManager */ = {
			isa = PBXNativeTarget;
			buildConfigurationList = 8432B6232A004E4000304A80 /* Build configuration list for PBXNativeTarget "NamMoneyManager" */;
			buildPhases = (
				8432B6102A004E3F00304A80 /* Sources */,
				8432B6112A004E3F00304A80 /* Frameworks */,
				8432B6122A004E3F00304A80 /* Resources */,
			);
			buildRules = (
			);
			dependencies = (
			);
			name = NamMoneyManager;
			productName = NamMoneyManager;
			productReference = 8432B6142A004E3F00304A80 /* NamMoneyManager.app */;
			productType = "com.apple.product-type.application";
		};
/* End PBXNativeTarget section */

/* Begin PBXProject section */
		8432B60C2A004E3F00304A80 /* Project object */ = {
			isa = PBXProject;
			attributes = {
				BuildIndependentTargetsInParallel = 1;
				LastSwiftUpdateCheck = 1430;
				LastUpgradeCheck = 1430;
				TargetAttributes = {
					8432B6132A004E3F00304A80 = {
						CreatedOnToolsVersion = 14.3;
					};
				};
			};
			buildConfigurationList = 8432B60F2A004E3F00304A80 /* Build configuration list for PBXProject "NamMoneyManager" */;
			compatibilityVersion = "Xcode 14.0";
			developmentRegion = en;
			hasScannedForEncodings = 0;
			knownRegions = (
				en,
				Base,
			);
			mainGroup = 8432B60B2A004E3F00304A80;
			productRefGroup = 8432B6152A004E3F00304A80 /* Products */;
			projectDirPath = "";
			projectRoot = "";
			targets = (
				8432B6132A004E3F00304A80 /* NamMoneyManager */,
			);
		};
/* End PBXProject section */

/* Begin PBXResourcesBuildPhase section */
		8432B6122A004E3F00304A80 /* Resources */ = {
			isa = PBXResourcesBuildPhase;
			buildActionMask = 2147483647;
			files = (
				8432B6202A004E4000304A80 /* Preview Assets.xcassets in Resources */,
				8432B61C2A004E4000304A80 /* Assets.xcassets in Resources */,
			);
			runOnlyForDeploymentPostprocessing = 0;
		};
/* End PBXResourcesBuildPhase section */

/* Begin PBXSourcesBuildPhase section */
		8432B6102A004E3F00304A80 /* Sources */ = {
			isa = PBXSourcesBuildPhase;
			buildActionMask = 2147483647;
			files = (
				8432B62E2A005B0400304A80 /* DataController.swift in Sources */,
				84E78CA82A058596009F350E /* ExpenseViewModel.swift in Sources */,
				8463B3EE2A009C9800EBEC33 /* FloatingPlaceholderTextField.swift in Sources */,
				8432B62B2A0058D000304A80 /* MoneyManagerModel.xcdatamodeld in Sources */,
				8432B6182A004E3F00304A80 /* NamMoneyManagerApp.swift in Sources */,
				8432B6282A0051BD00304A80 /* ExpenseInputView.swift in Sources */,
				8463B3F22A01A98D00EBEC33 /* SectionTextFieldStyle.swift in Sources */,
				84C7DDEF2A02DA310005B9C9 /* PickerView.swift in Sources */,
				8463B3F72A022E5300EBEC33 /* DateTimeString.swift in Sources */,
				84E78CA62A04B044009F350E /* ExpenseDetailView.swift in Sources */,
				8463B3F02A00BC4000EBEC33 /* CategoryListView.swift in Sources */,
				84E78CAA2A059405009F350E /* ErrorView.swift in Sources */,
				8463B3EB2A0074FD00EBEC33 /* ExpenseView.swift in Sources */,
			);
			runOnlyForDeploymentPostprocessing = 0;
		};
/* End PBXSourcesBuildPhase section */

/* Begin XCBuildConfiguration section */
		8432B6212A004E4000304A80 /* Debug */ = {
			isa = XCBuildConfiguration;
			buildSettings = {
				ALWAYS_SEARCH_USER_PATHS = NO;
				CLANG_ANALYZER_NONNULL = YES;
				CLANG_ANALYZER_NUMBER_OBJECT_CONVERSION = YES_AGGRESSIVE;
				CLANG_CXX_LANGUAGE_STANDARD = "gnu++20";
				CLANG_ENABLE_MODULES = YES;
				CLANG_ENABLE_OBJC_ARC = YES;
				CLANG_ENABLE_OBJC_WEAK = YES;
				CLANG_WARN_BLOCK_CAPTURE_AUTORELEASING = YES;
				CLANG_WARN_BOOL_CONVERSION = YES;
				CLANG_WARN_COMMA = YES;
				CLANG_WARN_CONSTANT_CONVERSION = YES;
				CLANG_WARN_DEPRECATED_OBJC_IMPLEMENTATIONS = YES;
				CLANG_WARN_DIRECT_OBJC_ISA_USAGE = YES_ERROR;
				CLANG_WARN_DOCUMENTATION_COMMENTS = YES;
				CLANG_WARN_EMPTY_BODY = YES;
				CLANG_WARN_ENUM_CONVERSION = YES;
				CLANG_WARN_INFINITE_RECURSION = YES;
				CLANG_WARN_INT_CONVERSION = YES;
				CLANG_WARN_NON_LITERAL_NULL_CONVERSION = YES;
				CLANG_WARN_OBJC_IMPLICIT_RETAIN_SELF = YES;
				CLANG_WARN_OBJC_LITERAL_CONVERSION = YES;
				CLANG_WARN_OBJC_ROOT_CLASS = YES_ERROR;
				CLANG_WARN_QUOTED_INCLUDE_IN_FRAMEWORK_HEADER = YES;
				CLANG_WARN_RANGE_LOOP_ANALYSIS = YES;
				CLANG_WARN_STRICT_PROTOTYPES = YES;
				CLANG_WARN_SUSPICIOUS_MOVE = YES;
				CLANG_WARN_UNGUARDED_AVAILABILITY = YES_AGGRESSIVE;
				CLANG_WARN_UNREACHABLE_CODE = YES;
				CLANG_WARN__DUPLICATE_METHOD_MATCH = YES;
				COPY_PHASE_STRIP = NO;
				DEBUG_INFORMATION_FORMAT = dwarf;
				ENABLE_STRICT_OBJC_MSGSEND = YES;
				ENABLE_TESTABILITY = YES;
				GCC_C_LANGUAGE_STANDARD = gnu11;
				GCC_DYNAMIC_NO_PIC = NO;
				GCC_NO_COMMON_BLOCKS = YES;
				GCC_OPTIMIZATION_LEVEL = 0;
				GCC_PREPROCESSOR_DEFINITIONS = (
					"DEBUG=1",
					"$(inherited)",
				);
				GCC_WARN_64_TO_32_BIT_CONVERSION = YES;
				GCC_WARN_ABOUT_RETURN_TYPE = YES_ERROR;
				GCC_WARN_UNDECLARED_SELECTOR = YES;
				GCC_WARN_UNINITIALIZED_AUTOS = YES_AGGRESSIVE;
				GCC_WARN_UNUSED_FUNCTION = YES;
				GCC_WARN_UNUSED_VARIABLE = YES;
				MTL_ENABLE_DEBUG_INFO = INCLUDE_SOURCE;
				MTL_FAST_MATH = YES;
				ONLY_ACTIVE_ARCH = YES;
				SWIFT_ACTIVE_COMPILATION_CONDITIONS = DEBUG;
				SWIFT_OPTIMIZATION_LEVEL = "-Onone";
			};
			name = Debug;
		};
		8432B6222A004E4000304A80 /* Release */ = {
			isa = XCBuildConfiguration;
			buildSettings = {
				ALWAYS_SEARCH_USER_PATHS = NO;
				CLANG_ANALYZER_NONNULL = YES;
				CLANG_ANALYZER_NUMBER_OBJECT_CONVERSION = YES_AGGRESSIVE;
				CLANG_CXX_LANGUAGE_STANDARD = "gnu++20";
				CLANG_ENABLE_MODULES = YES;
				CLANG_ENABLE_OBJC_ARC = YES;
				CLANG_ENABLE_OBJC_WEAK = YES;
				CLANG_WARN_BLOCK_CAPTURE_AUTORELEASING = YES;
				CLANG_WARN_BOOL_CONVERSION = YES;
				CLANG_WARN_COMMA = YES;
				CLANG_WARN_CONSTANT_CONVERSION = YES;
				CLANG_WARN_DEPRECATED_OBJC_IMPLEMENTATIONS = YES;
				CLANG_WARN_DIRECT_OBJC_ISA_USAGE = YES_ERROR;
				CLANG_WARN_DOCUMENTATION_COMMENTS = YES;
				CLANG_WARN_EMPTY_BODY = YES;
				CLANG_WARN_ENUM_CONVERSION = YES;
				CLANG_WARN_INFINITE_RECURSION = YES;
				CLANG_WARN_INT_CONVERSION = YES;
				CLANG_WARN_NON_LITERAL_NULL_CONVERSION = YES;
				CLANG_WARN_OBJC_IMPLICIT_RETAIN_SELF = YES;
				CLANG_WARN_OBJC_LITERAL_CONVERSION = YES;
				CLANG_WARN_OBJC_ROOT_CLASS = YES_ERROR;
				CLANG_WARN_QUOTED_INCLUDE_IN_FRAMEWORK_HEADER = YES;
				CLANG_WARN_RANGE_LOOP_ANALYSIS = YES;
				CLANG_WARN_STRICT_PROTOTYPES = YES;
				CLANG_WARN_SUSPICIOUS_MOVE = YES;
				CLANG_WARN_UNGUARDED_AVAILABILITY = YES_AGGRESSIVE;
				CLANG_WARN_UNREACHABLE_CODE = YES;
				CLANG_WARN__DUPLICATE_METHOD_MATCH = YES;
				COPY_PHASE_STRIP = NO;
				DEBUG_INFORMATION_FORMAT = "dwarf-with-dsym";
				ENABLE_NS_ASSERTIONS = NO;
				ENABLE_STRICT_OBJC_MSGSEND = YES;
				GCC_C_LANGUAGE_STANDARD = gnu11;
				GCC_NO_COMMON_BLOCKS = YES;
				GCC_WARN_64_TO_32_BIT_CONVERSION = YES;
				GCC_WARN_ABOUT_RETURN_TYPE = YES_ERROR;
				GCC_WARN_UNDECLARED_SELECTOR = YES;
				GCC_WARN_UNINITIALIZED_AUTOS = YES_AGGRESSIVE;
				GCC_WARN_UNUSED_FUNCTION = YES;
				GCC_WARN_UNUSED_VARIABLE = YES;
				MTL_ENABLE_DEBUG_INFO = NO;
				MTL_FAST_MATH = YES;
				SWIFT_COMPILATION_MODE = wholemodule;
				SWIFT_OPTIMIZATION_LEVEL = "-O";
			};
			name = Release;
		};
		8432B6242A004E4000304A80 /* Debug */ = {
			isa = XCBuildConfiguration;
			buildSettings = {
				ASSETCATALOG_COMPILER_APPICON_NAME = AppIcon;
				ASSETCATALOG_COMPILER_GLOBAL_ACCENT_COLOR_NAME = AccentColor;
				CODE_SIGN_ENTITLEMENTS = NamMoneyManager/NamMoneyManager.entitlements;
				CODE_SIGN_STYLE = Automatic;
				CURRENT_PROJECT_VERSION = 1;
				DEVELOPMENT_ASSET_PATHS = "\"NamMoneyManager/Preview Content\"";
				DEVELOPMENT_TEAM = X695KPD7TZ;
				ENABLE_HARDENED_RUNTIME = YES;
				ENABLE_PREVIEWS = YES;
				GENERATE_INFOPLIST_FILE = YES;
				"INFOPLIST_KEY_UIApplicationSceneManifest_Generation[sdk=iphoneos*]" = YES;
				"INFOPLIST_KEY_UIApplicationSceneManifest_Generation[sdk=iphonesimulator*]" = YES;
				"INFOPLIST_KEY_UIApplicationSupportsIndirectInputEvents[sdk=iphoneos*]" = YES;
				"INFOPLIST_KEY_UIApplicationSupportsIndirectInputEvents[sdk=iphonesimulator*]" = YES;
				"INFOPLIST_KEY_UILaunchScreen_Generation[sdk=iphoneos*]" = YES;
				"INFOPLIST_KEY_UILaunchScreen_Generation[sdk=iphonesimulator*]" = YES;
				"INFOPLIST_KEY_UIStatusBarStyle[sdk=iphoneos*]" = UIStatusBarStyleDefault;
				"INFOPLIST_KEY_UIStatusBarStyle[sdk=iphonesimulator*]" = UIStatusBarStyleDefault;
				INFOPLIST_KEY_UISupportedInterfaceOrientations_iPad = "UIInterfaceOrientationPortrait UIInterfaceOrientationPortraitUpsideDown UIInterfaceOrientationLandscapeLeft UIInterfaceOrientationLandscapeRight";
				INFOPLIST_KEY_UISupportedInterfaceOrientations_iPhone = "UIInterfaceOrientationPortrait UIInterfaceOrientationLandscapeLeft UIInterfaceOrientationLandscapeRight";
				IPHONEOS_DEPLOYMENT_TARGET = 16.4;
				LD_RUNPATH_SEARCH_PATHS = "@executable_path/Frameworks";
				"LD_RUNPATH_SEARCH_PATHS[sdk=macosx*]" = "@executable_path/../Frameworks";
				MACOSX_DEPLOYMENT_TARGET = 13.3;
				MARKETING_VERSION = 1.0;
				PRODUCT_BUNDLE_IDENTIFIER = nam.NamMoneyManager;
				PRODUCT_NAME = "$(TARGET_NAME)";
				SDKROOT = auto;
				SUPPORTED_PLATFORMS = "iphoneos iphonesimulator macosx";
				SWIFT_EMIT_LOC_STRINGS = YES;
				SWIFT_VERSION = 5.0;
				TARGETED_DEVICE_FAMILY = "1,2";
			};
			name = Debug;
		};
		8432B6252A004E4000304A80 /* Release */ = {
			isa = XCBuildConfiguration;
			buildSettings = {
				ASSETCATALOG_COMPILER_APPICON_NAME = AppIcon;
				ASSETCATALOG_COMPILER_GLOBAL_ACCENT_COLOR_NAME = AccentColor;
				CODE_SIGN_ENTITLEMENTS = NamMoneyManager/NamMoneyManager.entitlements;
				CODE_SIGN_STYLE = Automatic;
				CURRENT_PROJECT_VERSION = 1;
				DEVELOPMENT_ASSET_PATHS = "\"NamMoneyManager/Preview Content\"";
				DEVELOPMENT_TEAM = X695KPD7TZ;
				ENABLE_HARDENED_RUNTIME = YES;
				ENABLE_PREVIEWS = YES;
				GENERATE_INFOPLIST_FILE = YES;
				"INFOPLIST_KEY_UIApplicationSceneManifest_Generation[sdk=iphoneos*]" = YES;
				"INFOPLIST_KEY_UIApplicationSceneManifest_Generation[sdk=iphonesimulator*]" = YES;
				"INFOPLIST_KEY_UIApplicationSupportsIndirectInputEvents[sdk=iphoneos*]" = YES;
				"INFOPLIST_KEY_UIApplicationSupportsIndirectInputEvents[sdk=iphonesimulator*]" = YES;
				"INFOPLIST_KEY_UILaunchScreen_Generation[sdk=iphoneos*]" = YES;
				"INFOPLIST_KEY_UILaunchScreen_Generation[sdk=iphonesimulator*]" = YES;
				"INFOPLIST_KEY_UIStatusBarStyle[sdk=iphoneos*]" = UIStatusBarStyleDefault;
				"INFOPLIST_KEY_UIStatusBarStyle[sdk=iphonesimulator*]" = UIStatusBarStyleDefault;
				INFOPLIST_KEY_UISupportedInterfaceOrientations_iPad = "UIInterfaceOrientationPortrait UIInterfaceOrientationPortraitUpsideDown UIInterfaceOrientationLandscapeLeft UIInterfaceOrientationLandscapeRight";
				INFOPLIST_KEY_UISupportedInterfaceOrientations_iPhone = "UIInterfaceOrientationPortrait UIInterfaceOrientationLandscapeLeft UIInterfaceOrientationLandscapeRight";
				IPHONEOS_DEPLOYMENT_TARGET = 16.4;
				LD_RUNPATH_SEARCH_PATHS = "@executable_path/Frameworks";
				"LD_RUNPATH_SEARCH_PATHS[sdk=macosx*]" = "@executable_path/../Frameworks";
				MACOSX_DEPLOYMENT_TARGET = 13.3;
				MARKETING_VERSION = 1.0;
				PRODUCT_BUNDLE_IDENTIFIER = nam.NamMoneyManager;
				PRODUCT_NAME = "$(TARGET_NAME)";
				SDKROOT = auto;
				SUPPORTED_PLATFORMS = "iphoneos iphonesimulator macosx";
				SWIFT_EMIT_LOC_STRINGS = YES;
				SWIFT_VERSION = 5.0;
				TARGETED_DEVICE_FAMILY = "1,2";
			};
			name = Release;
		};
/* End XCBuildConfiguration section */

/* Begin XCConfigurationList section */
		8432B60F2A004E3F00304A80 /* Build configuration list for PBXProject "NamMoneyManager" */ = {
			isa = XCConfigurationList;
			buildConfigurations = (
				8432B6212A004E4000304A80 /* Debug */,
				8432B6222A004E4000304A80 /* Release */,
			);
			defaultConfigurationIsVisible = 0;
			defaultConfigurationName = Release;
		};
		8432B6232A004E4000304A80 /* Build configuration list for PBXNativeTarget "NamMoneyManager" */ = {
			isa = XCConfigurationList;
			buildConfigurations = (
				8432B6242A004E4000304A80 /* Debug */,
				8432B6252A004E4000304A80 /* Release */,
			);
			defaultConfigurationIsVisible = 0;
			defaultConfigurationName = Release;
		};
/* End XCConfigurationList section */

/* Begin XCVersionGroup section */
		8432B6292A0058D000304A80 /* MoneyManagerModel.xcdatamodeld */ = {
			isa = XCVersionGroup;
			children = (
				8432B62A2A0058D000304A80 /* ExpensePayment.xcdatamodel */,
			);
			currentVersion = 8432B62A2A0058D000304A80 /* ExpensePayment.xcdatamodel */;
			path = MoneyManagerModel.xcdatamodeld;
			sourceTree = "<group>";
			versionGroupType = wrapper.xcdatamodel;
		};
/* End XCVersionGroup section */
	};
	rootObject = 8432B60C2A004E3F00304A80 /* Project object */;
}
